
Microsoft Visual Studio Solution File, Format Version 12.00
# Visual Studio Version 16
VisualStudioVersion = 16.0.30907.101
MinimumVisualStudioVersion = 10.0.40219.1
Project("{9A19103F-16F7-4668-BE54-9A1E7A4F7556}") = "Project", "Project.csproj", "{C7FE405D-141E-44AD-8D9B-7D53EB079895}"
EndProject
Global
	GlobalSection(SolutionConfigurationPlatforms) = preSolution
		Debug|Any CPU = Debug|Any CPU
		Release|Any CPU = Release|Any CPU
	EndGlobalSection
	GlobalSection(ProjectConfigurationPlatforms) = postSolution
		{C7FE405D-141E-44AD-8D9B-7D53EB079895}.Debug|Any CPU.ActiveCfg = Debug|Any CPU
		{C7FE405D-141E-44AD-8D9B-7D53EB079895}.Debug|Any CPU.Build.0 = Debug|Any CPU
		{C7FE405D-141E-44AD-8D9B-7D53EB079895}.Release|Any CPU.ActiveCfg = Release|Any CPU
		{C7FE405D-141E-44AD-8D9B-7D53EB079895}.Release|Any CPU.Build.0 = Release|Any CPU
	EndGlobalSection
	GlobalSection(SolutionProperties) = preSolution
		HideSolutionNode = FALSE
	EndGlobalSection
	GlobalSection(ExtensibilityGlobals) = postSolution
		SolutionGuid = {46681C49-E158-4F56-B71F-AF319B2923F3}
	EndGlobalSection
EndGlobal
